// !$*UTF8*$!
{
	archiveVersion = 1;
	classes = {
	};
	objectVersion = 46;
	objects = {

/* Begin PBXBuildFile section */
		DF4BE6FF1AA27D34008D362E /* Clap.m in Sources */ = {isa = PBXBuildFile; fileRef = DF4BE6FE1AA27D34008D362E /* Clap.m */; };
		DF4BE7011AA27D8E008D362E /* AudioToolbox.framework in Frameworks */ = {isa = PBXBuildFile; fileRef = DF4BE7001AA27D8E008D362E /* AudioToolbox.framework */; };
		DF51A0CB1AA1403500C46750 /* main.m in Sources */ = {isa = PBXBuildFile; fileRef = DF51A0CA1AA1403500C46750 /* main.m */; };
		DF51A0CE1AA1403500C46750 /* AppDelegate.m in Sources */ = {isa = PBXBuildFile; fileRef = DF51A0CD1AA1403500C46750 /* AppDelegate.m */; };
		DF51A0D11AA1403500C46750 /* ClapBeat.xcdatamodeld in Sources */ = {isa = PBXBuildFile; fileRef = DF51A0CF1AA1403500C46750 /* ClapBeat.xcdatamodeld */; };
		DF51A0D41AA1403500C46750 /* ViewController.m in Sources */ = {isa = PBXBuildFile; fileRef = DF51A0D31AA1403500C46750 /* ViewController.m */; };
		DF51A0D71AA1403500C46750 /* Main.storyboard in Resources */ = {isa = PBXBuildFile; fileRef = DF51A0D51AA1403500C46750 /* Main.storyboard */; };
		DF51A0D91AA1403500C46750 /* Images.xcassets in Resources */ = {isa = PBXBuildFile; fileRef = DF51A0D81AA1403500C46750 /* Images.xcassets */; };
		DF51A0DC1AA1403500C46750 /* LaunchScreen.xib in Resources */ = {isa = PBXBuildFile; fileRef = DF51A0DA1AA1403500C46750 /* LaunchScreen.xib */; };
		DF51A0E81AA1403500C46750 /* ClapBeatTests.m in Sources */ = {isa = PBXBuildFile; fileRef = DF51A0E71AA1403500C46750 /* ClapBeatTests.m */; };
		DF51A1071AA141AA00C46750 /* clap-button.png in Resources */ = {isa = PBXBuildFile; fileRef = DF51A1041AA141AA00C46750 /* clap-button.png */; };
		DF51A1081AA141AA00C46750 /* clap.wav in Resources */ = {isa = PBXBuildFile; fileRef = DF51A1051AA141AA00C46750 /* clap.wav */; };
		DF51A1091AA141AA00C46750 /* icon.png in Resources */ = {isa = PBXBuildFile; fileRef = DF51A1061AA141AA00C46750 /* icon.png */; };
/* End PBXBuildFile section */

/* Begin PBXContainerItemProxy section */
		DF51A0E21AA1403500C46750 /* PBXContainerItemProxy */ = {
			isa = PBXContainerItemProxy;
			containerPortal = DF51A0BD1AA1403500C46750 /* Project object */;
			proxyType = 1;
			remoteGlobalIDString = DF51A0C41AA1403500C46750;
			remoteInfo = ClapBeat;
		};
/* End PBXContainerItemProxy section */

/* Begin PBXFileReference section */
		DF4BE6FD1AA27D34008D362E /* Clap.h */ = {isa = PBXFileReference; fileEncoding = 4; lastKnownFileType = sourcecode.c.h; path = Clap.h; sourceTree = "<group>"; };
		DF4BE6FE1AA27D34008D362E /* Clap.m */ = {isa = PBXFileReference; fileEncoding = 4; lastKnownFileType = sourcecode.c.objc; path = Clap.m; sourceTree = "<group>"; };
		DF4BE7001AA27D8E008D362E /* AudioToolbox.framework */ = {isa = PBXFileReference; lastKnownFileType = wrapper.framework; name = AudioToolbox.framework; path = System/Library/Frameworks/AudioToolbox.framework; sourceTree = SDKROOT; };
		DF51A0C51AA1403500C46750 /* ClapBeat.app */ = {isa = PBXFileReference; explicitFileType = wrapper.application; includeInIndex = 0; path = ClapBeat.app; sourceTree = BUILT_PRODUCTS_DIR; };
		DF51A0C91AA1403500C46750 /* Info.plist */ = {isa = PBXFileReference; lastKnownFileType = text.plist.xml; path = Info.plist; sourceTree = "<group>"; };
		DF51A0CA1AA1403500C46750 /* main.m */ = {isa = PBXFileReference; lastKnownFileType = sourcecode.c.objc; path = main.m; sourceTree = "<group>"; };
		DF51A0CC1AA1403500C46750 /* AppDelegate.h */ = {isa = PBXFileReference; lastKnownFileType = sourcecode.c.h; path = AppDelegate.h; sourceTree = "<group>"; };
		DF51A0CD1AA1403500C46750 /* AppDelegate.m */ = {isa = PBXFileReference; lastKnownFileType = sourcecode.c.objc; path = AppDelegate.m; sourceTree = "<group>"; };
		DF51A0D01AA1403500C46750 /* ClapBeat.xcdatamodel */ = {isa = PBXFileReference; lastKnownFileType = wrapper.xcdatamodel; path = ClapBeat.xcdatamodel; sourceTree = "<group>"; };
		DF51A0D21AA1403500C46750 /* ViewController.h */ = {isa = PBXFileReference; lastKnownFileType = sourcecode.c.h; path = ViewController.h; sourceTree = "<group>"; };
		DF51A0D31AA1403500C46750 /* ViewController.m */ = {isa = PBXFileReference; lastKnownFileType = sourcecode.c.objc; path = ViewController.m; sourceTree = "<group>"; };
		DF51A0D61AA1403500C46750 /* Base */ = {isa = PBXFileReference; lastKnownFileType = file.storyboard; name = Base; path = Base.lproj/Main.storyboard; sourceTree = "<group>"; };
		DF51A0D81AA1403500C46750 /* Images.xcassets */ = {isa = PBXFileReference; lastKnownFileType = folder.assetcatalog; path = Images.xcassets; sourceTree = "<group>"; };
		DF51A0DB1AA1403500C46750 /* Base */ = {isa = PBXFileReference; lastKnownFileType = file.xib; name = Base; path = Base.lproj/LaunchScreen.xib; sourceTree = "<group>"; };
		DF51A0E11AA1403500C46750 /* ClapBeatTests.xctest */ = {isa = PBXFileReference; explicitFileType = wrapper.cfbundle; includeInIndex = 0; path = ClapBeatTests.xctest; sourceTree = BUILT_PRODUCTS_DIR; };
		DF51A0E61AA1403500C46750 /* Info.plist */ = {isa = PBXFileReference; lastKnownFileType = text.plist.xml; path = Info.plist; sourceTree = "<group>"; };
		DF51A0E71AA1403500C46750 /* ClapBeatTests.m */ = {isa = PBXFileReference; lastKnownFileType = sourcecode.c.objc; path = ClapBeatTests.m; sourceTree = "<group>"; };
		DF51A1041AA141AA00C46750 /* clap-button.png */ = {isa = PBXFileReference; lastKnownFileType = image.png; path = "clap-button.png"; sourceTree = "<group>"; };
		DF51A1051AA141AA00C46750 /* clap.wav */ = {isa = PBXFileReference; lastKnownFileType = audio.wav; path = clap.wav; sourceTree = "<group>"; };
		DF51A1061AA141AA00C46750 /* icon.png */ = {isa = PBXFileReference; lastKnownFileType = image.png; path = icon.png; sourceTree = "<group>"; };
/* End PBXFileReference section */

/* Begin PBXFrameworksBuildPhase section */
		DF51A0C21AA1403500C46750 /* Frameworks */ = {
			isa = PBXFrameworksBuildPhase;
			buildActionMask = 2147483647;
			files = (
				DF4BE7011AA27D8E008D362E /* AudioToolbox.framework in Frameworks */,
			);
			runOnlyForDeploymentPostprocessing = 0;
		};
		DF51A0DE1AA1403500C46750 /* Frameworks */ = {
			isa = PBXFrameworksBuildPhase;
			buildActionMask = 2147483647;
			files = (
			);
			runOnlyForDeploymentPostprocessing = 0;
		};
/* End PBXFrameworksBuildPhase section */

/* Begin PBXGroup section */
		DF51A0BC1AA1403500C46750 = {
			isa = PBXGroup;
			children = (
				DF4BE7001AA27D8E008D362E /* AudioToolbox.framework */,
				DF51A0C71AA1403500C46750 /* ClapBeat */,
				DF51A0E41AA1403500C46750 /* ClapBeatTests */,
				DF51A0C61AA1403500C46750 /* Products */,
			);
			sourceTree = "<group>";
		};
		DF51A0C61AA1403500C46750 /* Products */ = {
			isa = PBXGroup;
			children = (
				DF51A0C51AA1403500C46750 /* ClapBeat.app */,
				DF51A0E11AA1403500C46750 /* ClapBeatTests.xctest */,
			);
			name = Products;
			sourceTree = "<group>";
		};
		DF51A0C71AA1403500C46750 /* ClapBeat */ = {
			isa = PBXGroup;
			children = (
				DF51A1041AA141AA00C46750 /* clap-button.png */,
				DF51A1051AA141AA00C46750 /* clap.wav */,
				DF51A1061AA141AA00C46750 /* icon.png */,
				DF51A0CC1AA1403500C46750 /* AppDelegate.h */,
				DF51A0CD1AA1403500C46750 /* AppDelegate.m */,
				DF51A0D21AA1403500C46750 /* ViewController.h */,
				DF51A0D31AA1403500C46750 /* ViewController.m */,
				DF51A0D51AA1403500C46750 /* Main.storyboard */,
				DF51A0D81AA1403500C46750 /* Images.xcassets */,
				DF51A0DA1AA1403500C46750 /* LaunchScreen.xib */,
				DF51A0CF1AA1403500C46750 /* ClapBeat.xcdatamodeld */,
				DF51A0C81AA1403500C46750 /* Supporting Files */,
				DF4BE6FD1AA27D34008D362E /* Clap.h */,
				DF4BE6FE1AA27D34008D362E /* Clap.m */,
			);
			path = ClapBeat;
			sourceTree = "<group>";
		};
		DF51A0C81AA1403500C46750 /* Supporting Files */ = {
			isa = PBXGroup;
			children = (
				DF51A0C91AA1403500C46750 /* Info.plist */,
				DF51A0CA1AA1403500C46750 /* main.m */,
			);
			name = "Supporting Files";
			sourceTree = "<group>";
		};
		DF51A0E41AA1403500C46750 /* ClapBeatTests */ = {
			isa = PBXGroup;
			children = (
				DF51A0E71AA1403500C46750 /* ClapBeatTests.m */,
				DF51A0E51AA1403500C46750 /* Supporting Files */,
			);
			path = ClapBeatTests;
			sourceTree = "<group>";
		};
		DF51A0E51AA1403500C46750 /* Supporting Files */ = {
			isa = PBXGroup;
			children = (
				DF51A0E61AA1403500C46750 /* Info.plist */,
			);
			name = "Supporting Files";
			sourceTree = "<group>";
		};
/* End PBXGroup section */

/* Begin PBXNativeTarget section */
		DF51A0C41AA1403500C46750 /* ClapBeat */ = {
			isa = PBXNativeTarget;
			buildConfigurationList = DF51A0EB1AA1403500C46750 /* Build configuration list for PBXNativeTarget "ClapBeat" */;
			buildPhases = (
				DF51A0C11AA1403500C46750 /* Sources */,
				DF51A0C21AA1403500C46750 /* Frameworks */,
				DF51A0C31AA1403500C46750 /* Resources */,
			);
			buildRules = (
			);
			dependencies = (
			);
			name = ClapBeat;
			productName = ClapBeat;
			productReference = DF51A0C51AA1403500C46750 /* ClapBeat.app */;
			productType = "com.apple.product-type.application";
		};
		DF51A0E01AA1403500C46750 /* ClapBeatTests */ = {
			isa = PBXNativeTarget;
			buildConfigurationList = DF51A0EE1AA1403500C46750 /* Build configuration list for PBXNativeTarget "ClapBeatTests" */;
			buildPhases = (
				DF51A0DD1AA1403500C46750 /* Sources */,
				DF51A0DE1AA1403500C46750 /* Frameworks */,
				DF51A0DF1AA1403500C46750 /* Resources */,
			);
			buildRules = (
			);
			dependencies = (
				DF51A0E31AA1403500C46750 /* PBXTargetDependency */,
			);
			name = ClapBeatTests;
			productName = ClapBeatTests;
			productReference = DF51A0E11AA1403500C46750 /* ClapBeatTests.xctest */;
			productType = "com.apple.product-type.bundle.unit-test";
		};
/* End PBXNativeTarget section */

/* Begin PBXProject section */
		DF51A0BD1AA1403500C46750 /* Project object */ = {
			isa = PBXProject;
			attributes = {
				LastUpgradeCheck = 0610;
				ORGANIZATIONNAME = LifeisTech;
				TargetAttributes = {
					DF51A0C41AA1403500C46750 = {
						CreatedOnToolsVersion = 6.1.1;
					};
					DF51A0E01AA1403500C46750 = {
						CreatedOnToolsVersion = 6.1.1;
						TestTargetID = DF51A0C41AA1403500C46750;
					};
				};
			};
			buildConfigurationList = DF51A0C01AA1403500C46750 /* Build configuration list for PBXProject "ClapBeat" */;
			compatibilityVersion = "Xcode 3.2";
			developmentRegion = English;
			hasScannedForEncodings = 0;
			knownRegions = (
				en,
				Base,
			);
			mainGroup = DF51A0BC1AA1403500C46750;
			productRefGroup = DF51A0C61AA1403500C46750 /* Products */;
			projectDirPath = "";
			projectRoot = "";
			targets = (
				DF51A0C41AA1403500C46750 /* ClapBeat */,
				DF51A0E01AA1403500C46750 /* ClapBeatTests */,
			);
		};
/* End PBXProject section */

/* Begin PBXResourcesBuildPhase section */
		DF51A0C31AA1403500C46750 /* Resources */ = {
			isa = PBXResourcesBuildPhase;
			buildActionMask = 2147483647;
			files = (
				DF51A1081AA141AA00C46750 /* clap.wav in Resources */,
				DF51A0D71AA1403500C46750 /* Main.storyboard in Resources */,
				DF51A1091AA141AA00C46750 /* icon.png in Resources */,
				DF51A0DC1AA1403500C46750 /* LaunchScreen.xib in Resources */,
				DF51A0D91AA1403500C46750 /* Images.xcassets in Resources */,
				DF51A1071AA141AA00C46750 /* clap-button.png in Resources */,
			);
			runOnlyForDeploymentPostprocessing = 0;
		};
		DF51A0DF1AA1403500C46750 /* Resources */ = {
			isa = PBXResourcesBuildPhase;
			buildActionMask = 2147483647;
			files = (
			);
			runOnlyForDeploymentPostprocessing = 0;
		};
/* End PBXResourcesBuildPhase section */

/* Begin PBXSourcesBuildPhase section */
		DF51A0C11AA1403500C46750 /* Sources */ = {
			isa = PBXSourcesBuildPhase;
			buildActionMask = 2147483647;
			files = (
				DF4BE6FF1AA27D34008D362E /* Clap.m in Sources */,
				DF51A0CE1AA1403500C46750 /* AppDelegate.m in Sources */,
				DF51A0CB1AA1403500C46750 /* main.m in Sources */,
				DF51A0D41AA1403500C46750 /* ViewController.m in Sources */,
				DF51A0D11AA1403500C46750 /* ClapBeat.xcdatamodeld in Sources */,
			);
			runOnlyForDeploymentPostprocessing = 0;
		};
		DF51A0DD1AA1403500C46750 /* Sources */ = {
			isa = PBXSourcesBuildPhase;
			buildActionMask = 2147483647;
			files = (
				DF51A0E81AA1403500C46750 /* ClapBeatTests.m in Sources */,
			);
			runOnlyForDeploymentPostprocessing = 0;
		};
/* End PBXSourcesBuildPhase section */

/* Begin PBXTargetDependency section */
		DF51A0E31AA1403500C46750 /* PBXTargetDependency */ = {
			isa = PBXTargetDependency;
			target = DF51A0C41AA1403500C46750 /* ClapBeat */;
			targetProxy = DF51A0E21AA1403500C46750 /* PBXContainerItemProxy */;
		};
/* End PBXTargetDependency section */

/* Begin PBXVariantGroup section */
		DF51A0D51AA1403500C46750 /* Main.storyboard */ = {
			isa = PBXVariantGroup;
			children = (
				DF51A0D61AA1403500C46750 /* Base */,
			);
			name = Main.storyboard;
			sourceTree = "<group>";
		};
		DF51A0DA1AA1403500C46750 /* LaunchScreen.xib */ = {
			isa = PBXVariantGroup;
			children = (
				DF51A0DB1AA1403500C46750 /* Base */,
			);
			name = LaunchScreen.xib;
			sourceTree = "<group>";
		};
/* End PBXVariantGroup section */

/* Begin XCBuildConfiguration section */
		DF51A0E91AA1403500C46750 /* Debug */ = {
			isa = XCBuildConfiguration;
			buildSettings = {
				ALWAYS_SEARCH_USER_PATHS = NO;
				CLANG_CXX_LANGUAGE_STANDARD = "gnu++0x";
				CLANG_CXX_LIBRARY = "libc++";
				CLANG_ENABLE_MODULES = YES;
				CLANG_ENABLE_OBJC_ARC = YES;
				CLANG_WARN_BOOL_CONVERSION = YES;
				CLANG_WARN_CONSTANT_CONVERSION = YES;
				CLANG_WARN_DIRECT_OBJC_ISA_USAGE = YES_ERROR;
				CLANG_WARN_EMPTY_BODY = YES;
				CLANG_WARN_ENUM_CONVERSION = YES;
				CLANG_WARN_INT_CONVERSION = YES;
				CLANG_WARN_OBJC_ROOT_CLASS = YES_ERROR;
				CLANG_WARN_UNREACHABLE_CODE = YES;
				CLANG_WARN__DUPLICATE_METHOD_MATCH = YES;
				"CODE_SIGN_IDENTITY[sdk=iphoneos*]" = "iPhone Developer";
				COPY_PHASE_STRIP = NO;
				ENABLE_STRICT_OBJC_MSGSEND = YES;
				GCC_C_LANGUAGE_STANDARD = gnu99;
				GCC_DYNAMIC_NO_PIC = NO;
				GCC_OPTIMIZATION_LEVEL = 0;
				GCC_PREPROCESSOR_DEFINITIONS = (
					"DEBUG=1",
					"$(inherited)",
				);
				GCC_SYMBOLS_PRIVATE_EXTERN = NO;
				GCC_WARN_64_TO_32_BIT_CONVERSION = YES;
				GCC_WARN_ABOUT_RETURN_TYPE = YES_ERROR;
				GCC_WARN_UNDECLARED_SELECTOR = YES;
				GCC_WARN_UNINITIALIZED_AUTOS = YES_AGGRESSIVE;
				GCC_WARN_UNUSED_FUNCTION = YES;
				GCC_WARN_UNUSED_VARIABLE = YES;
				IPHONEOS_DEPLOYMENT_TARGET = 8.1;
				MTL_ENABLE_DEBUG_INFO = YES;
				ONLY_ACTIVE_ARCH = YES;
				SDKROOT = iphoneos;
			};
			name = Debug;
		};
		DF51A0EA1AA1403500C46750 /* Release */ = {
			isa = XCBuildConfiguration;
			buildSettings = {
				ALWAYS_SEARCH_USER_PATHS = NO;
				CLANG_CXX_LANGUAGE_STANDARD = "gnu++0x";
				CLANG_CXX_LIBRARY = "libc++";
				CLANG_ENABLE_MODULES = YES;
				CLANG_ENABLE_OBJC_ARC = YES;
				CLANG_WARN_BOOL_CONVERSION = YES;
				CLANG_WARN_CONSTANT_CONVERSION = YES;
				CLANG_WARN_DIRECT_OBJC_ISA_USAGE = YES_ERROR;
				CLANG_WARN_EMPTY_BODY = YES;
				CLANG_WARN_ENUM_CONVERSION = YES;
				CLANG_WARN_INT_CONVERSION = YES;
				CLANG_WARN_OBJC_ROOT_CLASS = YES_ERROR;
				CLANG_WARN_UNREACHABLE_CODE = YES;
				CLANG_WARN__DUPLICATE_METHOD_MATCH = YES;
				"CODE_SIGN_IDENTITY[sdk=iphoneos*]" = "iPhone Developer";
				COPY_PHASE_STRIP = YES;
				ENABLE_NS_ASSERTIONS = NO;
				ENABLE_STRICT_OBJC_MSGSEND = YES;
				GCC_C_LANGUAGE_STANDARD = gnu99;
				GCC_WARN_64_TO_32_BIT_CONVERSION = YES;
				GCC_WARN_ABOUT_RETURN_TYPE = YES_ERROR;
				GCC_WARN_UNDECLARED_SELECTOR = YES;
				GCC_WARN_UNINITIALIZED_AUTOS = YES_AGGRESSIVE;
				GCC_WARN_UNUSED_FUNCTION = YES;
				GCC_WARN_UNUSED_VARIABLE = YES;
				IPHONEOS_DEPLOYMENT_TARGET = 8.1;
				MTL_ENABLE_DEBUG_INFO = NO;
				SDKROOT = iphoneos;
				VALIDATE_PRODUCT = YES;
			};
			name = Release;
		};
		DF51A0EC1AA1403500C46750 /* Debug */ = {
			isa = XCBuildConfiguration;
			buildSettings = {
				ASSETCATALOG_COMPILER_APPICON_NAME = AppIcon;
				ASSETCATALOG_COMPILER_LAUNCHIMAGE_NAME = LaunchImage;
				CODE_SIGN_IDENTITY = "iPhone Developer";
				INFOPLIST_FILE = ClapBeat/Info.plist;
				LD_RUNPATH_SEARCH_PATHS = "$(inherited) @executable_path/Frameworks";
				PRODUCT_NAME = "$(TARGET_NAME)";
				TARGETED_DEVICE_FAMILY = 1;
			};
			name = Debug;
		};
		DF51A0ED1AA1403500C46750 /* Release */ = {
			isa = XCBuildConfiguration;
			buildSettings = {
				ASSETCATALOG_COMPILER_APPICON_NAME = AppIcon;
				ASSETCATALOG_COMPILER_LAUNCHIMAGE_NAME = LaunchImage;
				CODE_SIGN_IDENTITY = "iPhone Developer";
				INFOPLIST_FILE = ClapBeat/Info.plist;
				LD_RUNPATH_SEARCH_PATHS = "$(inherited) @executable_path/Frameworks";
				PRODUCT_NAME = "$(TARGET_NAME)";
				TARGETED_DEVICE_FAMILY = 1;
			};
			name = Release;
		};
		DF51A0EF1AA1403500C46750 /* Debug */ = {
			isa = XCBuildConfiguration;
			buildSettings = {
				BUNDLE_LOADER = "$(TEST_HOST)";
				FRAMEWORK_SEARCH_PATHS = (
					"$(SDKROOT)/Developer/Library/Frameworks",
					"$(inherited)",
				);
				GCC_PREPROCESSOR_DEFINITIONS = (
					"DEBUG=1",
					"$(inherited)",
				);
				INFOPLIST_FILE = ClapBeatTests/Info.plist;
				LD_RUNPATH_SEARCH_PATHS = "$(inherited) @executable_path/Frameworks @loader_path/Frameworks";
				PRODUCT_NAME = "$(TARGET_NAME)";
				TEST_HOST = "$(BUILT_PRODUCTS_DIR)/ClapBeat.app/ClapBeat";
			};
			name = Debug;
		};
		DF51A0F01AA1403500C46750 /* Release */ = {
			isa = XCBuildConfiguration;
			buildSettings = {
				BUNDLE_LOADER = "$(TEST_HOST)";
				FRAMEWORK_SEARCH_PATHS = (
					"$(SDKROOT)/Developer/Library/Frameworks",
					"$(inherited)",
				);
				INFOPLIST_FILE = ClapBeatTests/Info.plist;
				LD_RUNPATH_SEARCH_PATHS = "$(inherited) @executable_path/Frameworks @loader_path/Frameworks";
				PRODUCT_NAME = "$(TARGET_NAME)";
				TEST_HOST = "$(BUILT_PRODUCTS_DIR)/ClapBeat.app/ClapBeat";
			};
			name = Release;
		};
/* End XCBuildConfiguration section */

/* Begin XCConfigurationList section */
		DF51A0C01AA1403500C46750 /* Build configuration list for PBXProject "ClapBeat" */ = {
			isa = XCConfigurationList;
			buildConfigurations = (
				DF51A0E91AA1403500C46750 /* Debug */,
				DF51A0EA1AA1403500C46750 /* Release */,
			);
			defaultConfigurationIsVisible = 0;
			defaultConfigurationName = Release;
		};
		DF51A0EB1AA1403500C46750 /* Build configuration list for PBXNativeTarget "ClapBeat" */ = {
			isa = XCConfigurationList;
			buildConfigurations = (
				DF51A0EC1AA1403500C46750 /* Debug */,
				DF51A0ED1AA1403500C46750 /* Release */,
			);
			defaultConfigurationIsVisible = 0;
			defaultConfigurationName = Release;
		};
		DF51A0EE1AA1403500C46750 /* Build configuration list for PBXNativeTarget "ClapBeatTests" */ = {
			isa = XCConfigurationList;
			buildConfigurations = (
				DF51A0EF1AA1403500C46750 /* Debug */,
				DF51A0F01AA1403500C46750 /* Release */,
			);
			defaultConfigurationIsVisible = 0;
			defaultConfigurationName = Release;
		};
/* End XCConfigurationList section */

/* Begin XCVersionGroup section */
		DF51A0CF1AA1403500C46750 /* ClapBeat.xcdatamodeld */ = {
			isa = XCVersionGroup;
			children = (
				DF51A0D01AA1403500C46750 /* ClapBeat.xcdatamodel */,
			);
			currentVersion = DF51A0D01AA1403500C46750 /* ClapBeat.xcdatamodel */;
			path = ClapBeat.xcdatamodeld;
			sourceTree = "<group>";
			versionGroupType = wrapper.xcdatamodel;
		};
/* End XCVersionGroup section */
	};
	rootObject = DF51A0BD1AA1403500C46750 /* Project object */;
}
